# This file was autogenerated by Stack.
# You should not edit this file by hand.
# For more information, please see the documentation at:
#   https://docs.haskellstack.org/en/stable/lock_files

packages: []
snapshots:
- completed:
    size: 503821
    url: https://raw.githubusercontent.com/commercialhaskell/stackage-snapshots/master/nightly/2020/6/29.yaml
    sha256: e1bb5560cc1143c2eb3ece3ee90807d812d7fd94742fc9b9de016e717b531c32
  original: nightly-2020-06-29
