# This file was autogenerated by Stack.
# You should not edit this file by hand.
# For more information, please see the documentation at:
#   https://docs.haskellstack.org/en/stable/lock_files

packages: []
snapshots:
- completed:
    size: 506684
    url: https://raw.githubusercontent.com/commercialhaskell/stackage-snapshots/master/nightly/2020/3/24.yaml
    sha256: b6a212026f5a6fa120f2668d613ec97f32d088d0cc0554f0dac622979feb4297
  original: nightly-2020-03-24
