# This file was autogenerated by Stack.
# You should not edit this file by hand.
# For more information, please see the documentation at:
#   https://docs.haskellstack.org/en/stable/lock_files

packages: []
snapshots:
- completed:
    size: 528436
    url: https://raw.githubusercontent.com/commercialhaskell/stackage-snapshots/master/nightly/2019/9/2.yaml
    sha256: 8b80ea50706db4a5d08e29812d4978e5182a5a6773a8c089236cd52992fdbca6
  original: nightly-2019-09-02
